
Microsoft Visual Studio Solution File, Format Version 12.00
# Visual Studio Version 16
VisualStudioVersion = 16.0.30907.101
MinimumVisualStudioVersion = 10.0.40219.1
Project("{9A19103F-16F7-4668-BE54-9A1E7A4F7556}") = "LambdaModel", "LambdaModel\LambdaModel.csproj", "{31A2BD8D-E2A5-44B2-BA55-6F9E908BF1BF}"
EndProject
Project("{9A19103F-16F7-4668-BE54-9A1E7A4F7556}") = "LambdaModel.Tests", "LambdaModel.Tests\LambdaModel.Tests.csproj", "{44BAC077-EE43-42F1-A3C8-3BF3AE8E1815}"
EndProject
Project("{FAE04EC0-301F-11D3-BF4B-00C04F79EFBC}") = "LambdaModelRunner", "LambdaModelRunner\LambdaModelRunner.csproj", "{ED4C830E-E924-413D-A9F6-832E9513D6E9}"
EndProject
Global
	GlobalSection(SolutionConfigurationPlatforms) = preSolution
		Debug|Any CPU = Debug|Any CPU
		Release|Any CPU = Release|Any CPU
	EndGlobalSection
	GlobalSection(ProjectConfigurationPlatforms) = postSolution
		{31A2BD8D-E2A5-44B2-BA55-6F9E908BF1BF}.Debug|Any CPU.ActiveCfg = Debug|Any CPU
		{31A2BD8D-E2A5-44B2-BA55-6F9E908BF1BF}.Debug|Any CPU.Build.0 = Debug|Any CPU
		{31A2BD8D-E2A5-44B2-BA55-6F9E908BF1BF}.Release|Any CPU.ActiveCfg = Release|Any CPU
		{31A2BD8D-E2A5-44B2-BA55-6F9E908BF1BF}.Release|Any CPU.Build.0 = Release|Any CPU
		{44BAC077-EE43-42F1-A3C8-3BF3AE8E1815}.Debug|Any CPU.ActiveCfg = Debug|Any CPU
		{44BAC077-EE43-42F1-A3C8-3BF3AE8E1815}.Debug|Any CPU.Build.0 = Debug|Any CPU
		{44BAC077-EE43-42F1-A3C8-3BF3AE8E1815}.Release|Any CPU.ActiveCfg = Release|Any CPU
		{44BAC077-EE43-42F1-A3C8-3BF3AE8E1815}.Release|Any CPU.Build.0 = Release|Any CPU
		{ED4C830E-E924-413D-A9F6-832E9513D6E9}.Debug|Any CPU.ActiveCfg = Debug|Any CPU
		{ED4C830E-E924-413D-A9F6-832E9513D6E9}.Debug|Any CPU.Build.0 = Debug|Any CPU
		{ED4C830E-E924-413D-A9F6-832E9513D6E9}.Release|Any CPU.ActiveCfg = Release|Any CPU
		{ED4C830E-E924-413D-A9F6-832E9513D6E9}.Release|Any CPU.Build.0 = Release|Any CPU
	EndGlobalSection
	GlobalSection(SolutionProperties) = preSolution
		HideSolutionNode = FALSE
	EndGlobalSection
	GlobalSection(ExtensibilityGlobals) = postSolution
		SolutionGuid = {2E82CBD8-C59B-48AB-A99D-4BB5DC2244BF}
	EndGlobalSection
EndGlobal
